
Microsoft Visual Studio Solution File, Format Version 12.00
# Visual Studio 15
VisualStudioVersion = 15.0.27703.2047
MinimumVisualStudioVersion = 10.0.40219.1
Project("{FAE04EC0-301F-11D3-BF4B-00C04F79EFBC}") = "SOYDIT.Android", "SOYDIT\SOYDIT.Android\SOYDIT.Android.csproj", "{85617CF1-15B0-48EB-98CA-068B29B8CA61}"
EndProject
Project("{FAE04EC0-301F-11D3-BF4B-00C04F79EFBC}") = "SOYDIT.iOS", "SOYDIT\SOYDIT.iOS\SOYDIT.iOS.csproj", "{8F07F066-B5EF-4CE9-994B-0E9E0719243E}"
EndProject
Project("{FAE04EC0-301F-11D3-BF4B-00C04F79EFBC}") = "SOYDIT.UWP", "SOYDIT\SOYDIT.UWP\SOYDIT.UWP.csproj", "{A6CB1CF9-21D6-4456-8F7E-A541D51B34DE}"
EndProject
Project("{FAE04EC0-301F-11D3-BF4B-00C04F79EFBC}") = "SOYDIT", "SOYDIT\SOYDIT\SOYDIT.csproj", "{DC2D20BC-C443-45F4-B5EB-01D2B0F55248}"
EndProject
Global
	GlobalSection(SolutionConfigurationPlatforms) = preSolution
		Ad-Hoc|Any CPU = Ad-Hoc|Any CPU
		Ad-Hoc|ARM = Ad-Hoc|ARM
		Ad-Hoc|iPhone = Ad-Hoc|iPhone
		Ad-Hoc|iPhoneSimulator = Ad-Hoc|iPhoneSimulator
		Ad-Hoc|x64 = Ad-Hoc|x64
		Ad-Hoc|x86 = Ad-Hoc|x86
		AppStore|Any CPU = AppStore|Any CPU
		AppStore|ARM = AppStore|ARM
		AppStore|iPhone = AppStore|iPhone
		AppStore|iPhoneSimulator = AppStore|iPhoneSimulator
		AppStore|x64 = AppStore|x64
		AppStore|x86 = AppStore|x86
		Debug|Any CPU = Debug|Any CPU
		Debug|ARM = Debug|ARM
		Debug|iPhone = Debug|iPhone
		Debug|iPhoneSimulator = Debug|iPhoneSimulator
		Debug|x64 = Debug|x64
		Debug|x86 = Debug|x86
		Release|Any CPU = Release|Any CPU
		Release|ARM = Release|ARM
		Release|iPhone = Release|iPhone
		Release|iPhoneSimulator = Release|iPhoneSimulator
		Release|x64 = Release|x64
		Release|x86 = Release|x86
	EndGlobalSection
	GlobalSection(ProjectConfigurationPlatforms) = postSolution
		{85617CF1-15B0-48EB-98CA-068B29B8CA61}.Ad-Hoc|Any CPU.ActiveCfg = Release|Any CPU
		{85617CF1-15B0-48EB-98CA-068B29B8CA61}.Ad-Hoc|Any CPU.Build.0 = Release|Any CPU
		{85617CF1-15B0-48EB-98CA-068B29B8CA61}.Ad-Hoc|Any CPU.Deploy.0 = Release|Any CPU
		{85617CF1-15B0-48EB-98CA-068B29B8CA61}.Ad-Hoc|ARM.ActiveCfg = Release|Any CPU
		{85617CF1-15B0-48EB-98CA-068B29B8CA61}.Ad-Hoc|ARM.Build.0 = Release|Any CPU
		{85617CF1-15B0-48EB-98CA-068B29B8CA61}.Ad-Hoc|ARM.Deploy.0 = Release|Any CPU
		{85617CF1-15B0-48EB-98CA-068B29B8CA61}.Ad-Hoc|iPhone.ActiveCfg = Release|Any CPU
		{85617CF1-15B0-48EB-98CA-068B29B8CA61}.Ad-Hoc|iPhone.Build.0 = Release|Any CPU
		{85617CF1-15B0-48EB-98CA-068B29B8CA61}.Ad-Hoc|iPhone.Deploy.0 = Release|Any CPU
		{85617CF1-15B0-48EB-98CA-068B29B8CA61}.Ad-Hoc|iPhoneSimulator.ActiveCfg = Release|Any CPU
		{85617CF1-15B0-48EB-98CA-068B29B8CA61}.Ad-Hoc|iPhoneSimulator.Build.0 = Release|Any CPU
		{85617CF1-15B0-48EB-98CA-068B29B8CA61}.Ad-Hoc|iPhoneSimulator.Deploy.0 = Release|Any CPU
		{85617CF1-15B0-48EB-98CA-068B29B8CA61}.Ad-Hoc|x64.ActiveCfg = Release|Any CPU
		{85617CF1-15B0-48EB-98CA-068B29B8CA61}.Ad-Hoc|x64.Build.0 = Release|Any CPU
		{85617CF1-15B0-48EB-98CA-068B29B8CA61}.Ad-Hoc|x64.Deploy.0 = Release|Any CPU
		{85617CF1-15B0-48EB-98CA-068B29B8CA61}.Ad-Hoc|x86.ActiveCfg = Release|Any CPU
		{85617CF1-15B0-48EB-98CA-068B29B8CA61}.Ad-Hoc|x86.Build.0 = Release|Any CPU
		{85617CF1-15B0-48EB-98CA-068B29B8CA61}.Ad-Hoc|x86.Deploy.0 = Release|Any CPU
		{85617CF1-15B0-48EB-98CA-068B29B8CA61}.AppStore|Any CPU.ActiveCfg = Release|Any CPU
		{85617CF1-15B0-48EB-98CA-068B29B8CA61}.AppStore|Any CPU.Build.0 = Release|Any CPU
		{85617CF1-15B0-48EB-98CA-068B29B8CA61}.AppStore|Any CPU.Deploy.0 = Release|Any CPU
		{85617CF1-15B0-48EB-98CA-068B29B8CA61}.AppStore|ARM.ActiveCfg = Release|Any CPU
		{85617CF1-15B0-48EB-98CA-068B29B8CA61}.AppStore|ARM.Build.0 = Release|Any CPU
		{85617CF1-15B0-48EB-98CA-068B29B8CA61}.AppStore|ARM.Deploy.0 = Release|Any CPU
		{85617CF1-15B0-48EB-98CA-068B29B8CA61}.AppStore|iPhone.ActiveCfg = Release|Any CPU
		{85617CF1-15B0-48EB-98CA-068B29B8CA61}.AppStore|iPhone.Build.0 = Release|Any CPU
		{85617CF1-15B0-48EB-98CA-068B29B8CA61}.AppStore|iPhone.Deploy.0 = Release|Any CPU
		{85617CF1-15B0-48EB-98CA-068B29B8CA61}.AppStore|iPhoneSimulator.ActiveCfg = Release|Any CPU
		{85617CF1-15B0-48EB-98CA-068B29B8CA61}.AppStore|iPhoneSimulator.Build.0 = Release|Any CPU
		{85617CF1-15B0-48EB-98CA-068B29B8CA61}.AppStore|iPhoneSimulator.Deploy.0 = Release|Any CPU
		{85617CF1-15B0-48EB-98CA-068B29B8CA61}.AppStore|x64.ActiveCfg = Release|Any CPU
		{85617CF1-15B0-48EB-98CA-068B29B8CA61}.AppStore|x64.Build.0 = Release|Any CPU
		{85617CF1-15B0-48EB-98CA-068B29B8CA61}.AppStore|x64.Deploy.0 = Release|Any CPU
		{85617CF1-15B0-48EB-98CA-068B29B8CA61}.AppStore|x86.ActiveCfg = Release|Any CPU
		{85617CF1-15B0-48EB-98CA-068B29B8CA61}.AppStore|x86.Build.0 = Release|Any CPU
		{85617CF1-15B0-48EB-98CA-068B29B8CA61}.AppStore|x86.Deploy.0 = Release|Any CPU
		{85617CF1-15B0-48EB-98CA-068B29B8CA61}.Debug|Any CPU.ActiveCfg = Debug|Any CPU
		{85617CF1-15B0-48EB-98CA-068B29B8CA61}.Debug|Any CPU.Build.0 = Debug|Any CPU
		{85617CF1-15B0-48EB-98CA-068B29B8CA61}.Debug|Any CPU.Deploy.0 = Debug|Any CPU
		{85617CF1-15B0-48EB-98CA-068B29B8CA61}.Debug|ARM.ActiveCfg = Debug|Any CPU
		{85617CF1-15B0-48EB-98CA-068B29B8CA61}.Debug|ARM.Build.0 = Debug|Any CPU
		{85617CF1-15B0-48EB-98CA-068B29B8CA61}.Debug|ARM.Deploy.0 = Debug|Any CPU
		{85617CF1-15B0-48EB-98CA-068B29B8CA61}.Debug|iPhone.ActiveCfg = Debug|Any CPU
		{85617CF1-15B0-48EB-98CA-068B29B8CA61}.Debug|iPhone.Build.0 = Debug|Any CPU
		{85617CF1-15B0-48EB-98CA-068B29B8CA61}.Debug|iPhone.Deploy.0 = Debug|Any CPU
		{85617CF1-15B0-48EB-98CA-068B29B8CA61}.Debug|iPhoneSimulator.ActiveCfg = Debug|Any CPU
		{85617CF1-15B0-48EB-98CA-068B29B8CA61}.Debug|iPhoneSimulator.Build.0 = Debug|Any CPU
		{85617CF1-15B0-48EB-98CA-068B29B8CA61}.Debug|iPhoneSimulator.Deploy.0 = Debug|Any CPU
		{85617CF1-15B0-48EB-98CA-068B29B8CA61}.Debug|x64.ActiveCfg = Debug|Any CPU
		{85617CF1-15B0-48EB-98CA-068B29B8CA61}.Debug|x64.Build.0 = Debug|Any CPU
		{85617CF1-15B0-48EB-98CA-068B29B8CA61}.Debug|x64.Deploy.0 = Debug|Any CPU
		{85617CF1-15B0-48EB-98CA-068B29B8CA61}.Debug|x86.ActiveCfg = Debug|Any CPU
		{85617CF1-15B0-48EB-98CA-068B29B8CA61}.Debug|x86.Build.0 = Debug|Any CPU
		{85617CF1-15B0-48EB-98CA-068B29B8CA61}.Debug|x86.Deploy.0 = Debug|Any CPU
		{85617CF1-15B0-48EB-98CA-068B29B8CA61}.Release|Any CPU.ActiveCfg = Release|Any CPU
		{85617CF1-15B0-48EB-98CA-068B29B8CA61}.Release|Any CPU.Build.0 = Release|Any CPU
		{85617CF1-15B0-48EB-98CA-068B29B8CA61}.Release|Any CPU.Deploy.0 = Release|Any CPU
		{85617CF1-15B0-48EB-98CA-068B29B8CA61}.Release|ARM.ActiveCfg = Release|Any CPU
		{85617CF1-15B0-48EB-98CA-068B29B8CA61}.Release|ARM.Build.0 = Release|Any CPU
		{85617CF1-15B0-48EB-98CA-068B29B8CA61}.Release|ARM.Deploy.0 = Release|Any CPU
		{85617CF1-15B0-48EB-98CA-068B29B8CA61}.Release|iPhone.ActiveCfg = Release|Any CPU
		{85617CF1-15B0-48EB-98CA-068B29B8CA61}.Release|iPhone.Build.0 = Release|Any CPU
		{85617CF1-15B0-48EB-98CA-068B29B8CA61}.Release|iPhone.Deploy.0 = Release|Any CPU
		{85617CF1-15B0-48EB-98CA-068B29B8CA61}.Release|iPhoneSimulator.ActiveCfg = Release|Any CPU
		{85617CF1-15B0-48EB-98CA-068B29B8CA61}.Release|iPhoneSimulator.Build.0 = Release|Any CPU
		{85617CF1-15B0-48EB-98CA-068B29B8CA61}.Release|iPhoneSimulator.Deploy.0 = Release|Any CPU
		{85617CF1-15B0-48EB-98CA-068B29B8CA61}.Release|x64.ActiveCfg = Release|Any CPU
		{85617CF1-15B0-48EB-98CA-068B29B8CA61}.Release|x64.Build.0 = Release|Any CPU
		{85617CF1-15B0-48EB-98CA-068B29B8CA61}.Release|x64.Deploy.0 = Release|Any CPU
		{85617CF1-15B0-48EB-98CA-068B29B8CA61}.Release|x86.ActiveCfg = Release|Any CPU
		{85617CF1-15B0-48EB-98CA-068B29B8CA61}.Release|x86.Build.0 = Release|Any CPU
		{85617CF1-15B0-48EB-98CA-068B29B8CA61}.Release|x86.Deploy.0 = Release|Any CPU
		{8F07F066-B5EF-4CE9-994B-0E9E0719243E}.Ad-Hoc|Any CPU.ActiveCfg = Ad-Hoc|iPhone
		{8F07F066-B5EF-4CE9-994B-0E9E0719243E}.Ad-Hoc|Any CPU.Build.0 = Ad-Hoc|iPhone
		{8F07F066-B5EF-4CE9-994B-0E9E0719243E}.Ad-Hoc|Any CPU.Deploy.0 = Ad-Hoc|iPhone
		{8F07F066-B5EF-4CE9-994B-0E9E0719243E}.Ad-Hoc|ARM.ActiveCfg = Ad-Hoc|iPhone
		{8F07F066-B5EF-4CE9-994B-0E9E0719243E}.Ad-Hoc|ARM.Build.0 = Ad-Hoc|iPhone
		{8F07F066-B5EF-4CE9-994B-0E9E0719243E}.Ad-Hoc|ARM.Deploy.0 = Ad-Hoc|iPhone
		{8F07F066-B5EF-4CE9-994B-0E9E0719243E}.Ad-Hoc|iPhone.ActiveCfg = Ad-Hoc|iPhone
		{8F07F066-B5EF-4CE9-994B-0E9E0719243E}.Ad-Hoc|iPhone.Build.0 = Ad-Hoc|iPhone
		{8F07F066-B5EF-4CE9-994B-0E9E0719243E}.Ad-Hoc|iPhone.Deploy.0 = Ad-Hoc|iPhone
		{8F07F066-B5EF-4CE9-994B-0E9E0719243E}.Ad-Hoc|iPhoneSimulator.ActiveCfg = Ad-Hoc|iPhoneSimulator
		{8F07F066-B5EF-4CE9-994B-0E9E0719243E}.Ad-Hoc|iPhoneSimulator.Build.0 = Ad-Hoc|iPhoneSimulator
		{8F07F066-B5EF-4CE9-994B-0E9E0719243E}.Ad-Hoc|iPhoneSimulator.Deploy.0 = Ad-Hoc|iPhoneSimulator
		{8F07F066-B5EF-4CE9-994B-0E9E0719243E}.Ad-Hoc|x64.ActiveCfg = Ad-Hoc|iPhone
		{8F07F066-B5EF-4CE9-994B-0E9E0719243E}.Ad-Hoc|x64.Build.0 = Ad-Hoc|iPhone
		{8F07F066-B5EF-4CE9-994B-0E9E0719243E}.Ad-Hoc|x64.Deploy.0 = Ad-Hoc|iPhone
		{8F07F066-B5EF-4CE9-994B-0E9E0719243E}.Ad-Hoc|x86.ActiveCfg = Ad-Hoc|iPhone
		{8F07F066-B5EF-4CE9-994B-0E9E0719243E}.Ad-Hoc|x86.Build.0 = Ad-Hoc|iPhone
		{8F07F066-B5EF-4CE9-994B-0E9E0719243E}.Ad-Hoc|x86.Deploy.0 = Ad-Hoc|iPhone
		{8F07F066-B5EF-4CE9-994B-0E9E0719243E}.AppStore|Any CPU.ActiveCfg = AppStore|iPhone
		{8F07F066-B5EF-4CE9-994B-0E9E0719243E}.AppStore|Any CPU.Build.0 = AppStore|iPhone
		{8F07F066-B5EF-4CE9-994B-0E9E0719243E}.AppStore|Any CPU.Deploy.0 = AppStore|iPhone
		{8F07F066-B5EF-4CE9-994B-0E9E0719243E}.AppStore|ARM.ActiveCfg = AppStore|iPhone
		{8F07F066-B5EF-4CE9-994B-0E9E0719243E}.AppStore|ARM.Build.0 = AppStore|iPhone
		{8F07F066-B5EF-4CE9-994B-0E9E0719243E}.AppStore|ARM.Deploy.0 = AppStore|iPhone
		{8F07F066-B5EF-4CE9-994B-0E9E0719243E}.AppStore|iPhone.ActiveCfg = AppStore|iPhone
		{8F07F066-B5EF-4CE9-994B-0E9E0719243E}.AppStore|iPhone.Build.0 = AppStore|iPhone
		{8F07F066-B5EF-4CE9-994B-0E9E0719243E}.AppStore|iPhone.Deploy.0 = AppStore|iPhone
		{8F07F066-B5EF-4CE9-994B-0E9E0719243E}.AppStore|iPhoneSimulator.ActiveCfg = AppStore|iPhoneSimulator
		{8F07F066-B5EF-4CE9-994B-0E9E0719243E}.AppStore|iPhoneSimulator.Build.0 = AppStore|iPhoneSimulator
		{8F07F066-B5EF-4CE9-994B-0E9E0719243E}.AppStore|iPhoneSimulator.Deploy.0 = AppStore|iPhoneSimulator
		{8F07F066-B5EF-4CE9-994B-0E9E0719243E}.AppStore|x64.ActiveCfg = AppStore|iPhone
		{8F07F066-B5EF-4CE9-994B-0E9E0719243E}.AppStore|x64.Build.0 = AppStore|iPhone
		{8F07F066-B5EF-4CE9-994B-0E9E0719243E}.AppStore|x64.Deploy.0 = AppStore|iPhone
		{8F07F066-B5EF-4CE9-994B-0E9E0719243E}.AppStore|x86.ActiveCfg = AppStore|iPhone
		{8F07F066-B5EF-4CE9-994B-0E9E0719243E}.AppStore|x86.Build.0 = AppStore|iPhone
		{8F07F066-B5EF-4CE9-994B-0E9E0719243E}.AppStore|x86.Deploy.0 = AppStore|iPhone
		{8F07F066-B5EF-4CE9-994B-0E9E0719243E}.Debug|Any CPU.ActiveCfg = Debug|iPhoneSimulator
		{8F07F066-B5EF-4CE9-994B-0E9E0719243E}.Debug|Any CPU.Build.0 = Debug|iPhoneSimulator
		{8F07F066-B5EF-4CE9-994B-0E9E0719243E}.Debug|Any CPU.Deploy.0 = Debug|iPhoneSimulator
		{8F07F066-B5EF-4CE9-994B-0E9E0719243E}.Debug|ARM.ActiveCfg = Debug|iPhone
		{8F07F066-B5EF-4CE9-994B-0E9E0719243E}.Debug|ARM.Build.0 = Debug|iPhone
		{8F07F066-B5EF-4CE9-994B-0E9E0719243E}.Debug|ARM.Deploy.0 = Debug|iPhone
		{8F07F066-B5EF-4CE9-994B-0E9E0719243E}.Debug|iPhone.ActiveCfg = Debug|iPhone
		{8F07F066-B5EF-4CE9-994B-0E9E0719243E}.Debug|iPhone.Build.0 = Debug|iPhone
		{8F07F066-B5EF-4CE9-994B-0E9E0719243E}.Debug|iPhone.Deploy.0 = Debug|iPhone
		{8F07F066-B5EF-4CE9-994B-0E9E0719243E}.Debug|iPhoneSimulator.ActiveCfg = Debug|iPhoneSimulator
		{8F07F066-B5EF-4CE9-994B-0E9E0719243E}.Debug|iPhoneSimulator.Build.0 = Debug|iPhoneSimulator
		{8F07F066-B5EF-4CE9-994B-0E9E0719243E}.Debug|iPhoneSimulator.Deploy.0 = Debug|iPhoneSimulator
		{8F07F066-B5EF-4CE9-994B-0E9E0719243E}.Debug|x64.ActiveCfg = Debug|iPhone
		{8F07F066-B5EF-4CE9-994B-0E9E0719243E}.Debug|x64.Build.0 = Debug|iPhone
		{8F07F066-B5EF-4CE9-994B-0E9E0719243E}.Debug|x64.Deploy.0 = Debug|iPhone
		{8F07F066-B5EF-4CE9-994B-0E9E0719243E}.Debug|x86.ActiveCfg = Debug|iPhone
		{8F07F066-B5EF-4CE9-994B-0E9E0719243E}.Debug|x86.Build.0 = Debug|iPhone
		{8F07F066-B5EF-4CE9-994B-0E9E0719243E}.Debug|x86.Deploy.0 = Debug|iPhone
		{8F07F066-B5EF-4CE9-994B-0E9E0719243E}.Release|Any CPU.ActiveCfg = Release|iPhone
		{8F07F066-B5EF-4CE9-994B-0E9E0719243E}.Release|Any CPU.Build.0 = Release|iPhone
		{8F07F066-B5EF-4CE9-994B-0E9E0719243E}.Release|Any CPU.Deploy.0 = Release|iPhone
		{8F07F066-B5EF-4CE9-994B-0E9E0719243E}.Release|ARM.ActiveCfg = Release|iPhone
		{8F07F066-B5EF-4CE9-994B-0E9E0719243E}.Release|ARM.Build.0 = Release|iPhone
		{8F07F066-B5EF-4CE9-994B-0E9E0719243E}.Release|ARM.Deploy.0 = Release|iPhone
		{8F07F066-B5EF-4CE9-994B-0E9E0719243E}.Release|iPhone.ActiveCfg = Release|iPhone
		{8F07F066-B5EF-4CE9-994B-0E9E0719243E}.Release|iPhone.Build.0 = Release|iPhone
		{8F07F066-B5EF-4CE9-994B-0E9E0719243E}.Release|iPhone.Deploy.0 = Release|iPhone
		{8F07F066-B5EF-4CE9-994B-0E9E0719243E}.Release|iPhoneSimulator.ActiveCfg = Release|iPhoneSimulator
		{8F07F066-B5EF-4CE9-994B-0E9E0719243E}.Release|iPhoneSimulator.Build.0 = Release|iPhoneSimulator
		{8F07F066-B5EF-4CE9-994B-0E9E0719243E}.Release|iPhoneSimulator.Deploy.0 = Release|iPhoneSimulator
		{8F07F066-B5EF-4CE9-994B-0E9E0719243E}.Release|x64.ActiveCfg = Release|iPhone
		{8F07F066-B5EF-4CE9-994B-0E9E0719243E}.Release|x64.Build.0 = Release|iPhone
		{8F07F066-B5EF-4CE9-994B-0E9E0719243E}.Release|x64.Deploy.0 = Release|iPhone
		{8F07F066-B5EF-4CE9-994B-0E9E0719243E}.Release|x86.ActiveCfg = Release|iPhone
		{8F07F066-B5EF-4CE9-994B-0E9E0719243E}.Release|x86.Build.0 = Release|iPhone
		{8F07F066-B5EF-4CE9-994B-0E9E0719243E}.Release|x86.Deploy.0 = Release|iPhone
		{A6CB1CF9-21D6-4456-8F7E-A541D51B34DE}.Ad-Hoc|Any CPU.ActiveCfg = Release|x86
		{A6CB1CF9-21D6-4456-8F7E-A541D51B34DE}.Ad-Hoc|Any CPU.Build.0 = Release|x86
		{A6CB1CF9-21D6-4456-8F7E-A541D51B34DE}.Ad-Hoc|Any CPU.Deploy.0 = Release|x86
		{A6CB1CF9-21D6-4456-8F7E-A541D51B34DE}.Ad-Hoc|ARM.ActiveCfg = Release|ARM
		{A6CB1CF9-21D6-4456-8F7E-A541D51B34DE}.Ad-Hoc|ARM.Build.0 = Release|ARM
		{A6CB1CF9-21D6-4456-8F7E-A541D51B34DE}.Ad-Hoc|ARM.Deploy.0 = Release|ARM
		{A6CB1CF9-21D6-4456-8F7E-A541D51B34DE}.Ad-Hoc|iPhone.ActiveCfg = Release|x86
		{A6CB1CF9-21D6-4456-8F7E-A541D51B34DE}.Ad-Hoc|iPhone.Build.0 = Release|x86
		{A6CB1CF9-21D6-4456-8F7E-A541D51B34DE}.Ad-Hoc|iPhone.Deploy.0 = Release|x86
		{A6CB1CF9-21D6-4456-8F7E-A541D51B34DE}.Ad-Hoc|iPhoneSimulator.ActiveCfg = Release|x86
		{A6CB1CF9-21D6-4456-8F7E-A541D51B34DE}.Ad-Hoc|iPhoneSimulator.Build.0 = Release|x86
		{A6CB1CF9-21D6-4456-8F7E-A541D51B34DE}.Ad-Hoc|iPhoneSimulator.Deploy.0 = Release|x86
		{A6CB1CF9-21D6-4456-8F7E-A541D51B34DE}.Ad-Hoc|x64.ActiveCfg = Release|x64
		{A6CB1CF9-21D6-4456-8F7E-A541D51B34DE}.Ad-Hoc|x64.Build.0 = Release|x64
		{A6CB1CF9-21D6-4456-8F7E-A541D51B34DE}.Ad-Hoc|x64.Deploy.0 = Release|x64
		{A6CB1CF9-21D6-4456-8F7E-A541D51B34DE}.Ad-Hoc|x86.ActiveCfg = Release|x86
		{A6CB1CF9-21D6-4456-8F7E-A541D51B34DE}.Ad-Hoc|x86.Build.0 = Release|x86
		{A6CB1CF9-21D6-4456-8F7E-A541D51B34DE}.Ad-Hoc|x86.Deploy.0 = Release|x86
		{A6CB1CF9-21D6-4456-8F7E-A541D51B34DE}.AppStore|Any CPU.ActiveCfg = Release|x86
		{A6CB1CF9-21D6-4456-8F7E-A541D51B34DE}.AppStore|Any CPU.Build.0 = Release|x86
		{A6CB1CF9-21D6-4456-8F7E-A541D51B34DE}.AppStore|Any CPU.Deploy.0 = Release|x86
		{A6CB1CF9-21D6-4456-8F7E-A541D51B34DE}.AppStore|ARM.ActiveCfg = Release|ARM
		{A6CB1CF9-21D6-4456-8F7E-A541D51B34DE}.AppStore|ARM.Build.0 = Release|ARM
		{A6CB1CF9-21D6-4456-8F7E-A541D51B34DE}.AppStore|ARM.Deploy.0 = Release|ARM
		{A6CB1CF9-21D6-4456-8F7E-A541D51B34DE}.AppStore|iPhone.ActiveCfg = Release|x86
		{A6CB1CF9-21D6-4456-8F7E-A541D51B34DE}.AppStore|iPhone.Build.0 = Release|x86
		{A6CB1CF9-21D6-4456-8F7E-A541D51B34DE}.AppStore|iPhone.Deploy.0 = Release|x86
		{A6CB1CF9-21D6-4456-8F7E-A541D51B34DE}.AppStore|iPhoneSimulator.ActiveCfg = Release|x86
		{A6CB1CF9-21D6-4456-8F7E-A541D51B34DE}.AppStore|iPhoneSimulator.Build.0 = Release|x86
		{A6CB1CF9-21D6-4456-8F7E-A541D51B34DE}.AppStore|iPhoneSimulator.Deploy.0 = Release|x86
		{A6CB1CF9-21D6-4456-8F7E-A541D51B34DE}.AppStore|x64.ActiveCfg = Release|x64
		{A6CB1CF9-21D6-4456-8F7E-A541D51B34DE}.AppStore|x64.Build.0 = Release|x64
		{A6CB1CF9-21D6-4456-8F7E-A541D51B34DE}.AppStore|x64.Deploy.0 = Release|x64
		{A6CB1CF9-21D6-4456-8F7E-A541D51B34DE}.AppStore|x86.ActiveCfg = Release|x86
		{A6CB1CF9-21D6-4456-8F7E-A541D51B34DE}.AppStore|x86.Build.0 = Release|x86
		{A6CB1CF9-21D6-4456-8F7E-A541D51B34DE}.AppStore|x86.Deploy.0 = Release|x86
		{A6CB1CF9-21D6-4456-8F7E-A541D51B34DE}.Debug|Any CPU.ActiveCfg = Debug|x86
		{A6CB1CF9-21D6-4456-8F7E-A541D51B34DE}.Debug|Any CPU.Build.0 = Debug|x86
		{A6CB1CF9-21D6-4456-8F7E-A541D51B34DE}.Debug|Any CPU.Deploy.0 = Debug|x86
		{A6CB1CF9-21D6-4456-8F7E-A541D51B34DE}.Debug|ARM.ActiveCfg = Debug|ARM
		{A6CB1CF9-21D6-4456-8F7E-A541D51B34DE}.Debug|ARM.Build.0 = Debug|ARM
		{A6CB1CF9-21D6-4456-8F7E-A541D51B34DE}.Debug|ARM.Deploy.0 = Debug|ARM
		{A6CB1CF9-21D6-4456-8F7E-A541D51B34DE}.Debug|iPhone.ActiveCfg = Debug|x86
		{A6CB1CF9-21D6-4456-8F7E-A541D51B34DE}.Debug|iPhone.Build.0 = Debug|x86
		{A6CB1CF9-21D6-4456-8F7E-A541D51B34DE}.Debug|iPhone.Deploy.0 = Debug|x86
		{A6CB1CF9-21D6-4456-8F7E-A541D51B34DE}.Debug|iPhoneSimulator.ActiveCfg = Debug|x86
		{A6CB1CF9-21D6-4456-8F7E-A541D51B34DE}.Debug|iPhoneSimulator.Build.0 = Debug|x86
		{A6CB1CF9-21D6-4456-8F7E-A541D51B34DE}.Debug|iPhoneSimulator.Deploy.0 = Debug|x86
		{A6CB1CF9-21D6-4456-8F7E-A541D51B34DE}.Debug|x64.ActiveCfg = Debug|x64
		{A6CB1CF9-21D6-4456-8F7E-A541D51B34DE}.Debug|x64.Build.0 = Debug|x64
		{A6CB1CF9-21D6-4456-8F7E-A541D51B34DE}.Debug|x64.Deploy.0 = Debug|x64
		{A6CB1CF9-21D6-4456-8F7E-A541D51B34DE}.Debug|x86.ActiveCfg = Debug|x86
		{A6CB1CF9-21D6-4456-8F7E-A541D51B34DE}.Debug|x86.Build.0 = Debug|x86
		{A6CB1CF9-21D6-4456-8F7E-A541D51B34DE}.Debug|x86.Deploy.0 = Debug|x86
		{A6CB1CF9-21D6-4456-8F7E-A541D51B34DE}.Release|Any CPU.ActiveCfg = Release|x86
		{A6CB1CF9-21D6-4456-8F7E-A541D51B34DE}.Release|Any CPU.Build.0 = Release|x86
		{A6CB1CF9-21D6-4456-8F7E-A541D51B34DE}.Release|Any CPU.Deploy.0 = Release|x86
		{A6CB1CF9-21D6-4456-8F7E-A541D51B34DE}.Release|ARM.ActiveCfg = Release|ARM
		{A6CB1CF9-21D6-4456-8F7E-A541D51B34DE}.Release|ARM.Build.0 = Release|ARM
		{A6CB1CF9-21D6-4456-8F7E-A541D51B34DE}.Release|ARM.Deploy.0 = Release|ARM
		{A6CB1CF9-21D6-4456-8F7E-A541D51B34DE}.Release|iPhone.ActiveCfg = Release|x86
		{A6CB1CF9-21D6-4456-8F7E-A541D51B34DE}.Release|iPhone.Build.0 = Release|x86
		{A6CB1CF9-21D6-4456-8F7E-A541D51B34DE}.Release|iPhone.Deploy.0 = Release|x86
		{A6CB1CF9-21D6-4456-8F7E-A541D51B34DE}.Release|iPhoneSimulator.ActiveCfg = Release|x86
		{A6CB1CF9-21D6-4456-8F7E-A541D51B34DE}.Release|iPhoneSimulator.Build.0 = Release|x86
		{A6CB1CF9-21D6-4456-8F7E-A541D51B34DE}.Release|iPhoneSimulator.Deploy.0 = Release|x86
		{A6CB1CF9-21D6-4456-8F7E-A541D51B34DE}.Release|x64.ActiveCfg = Release|x64
		{A6CB1CF9-21D6-4456-8F7E-A541D51B34DE}.Release|x64.Build.0 = Release|x64
		{A6CB1CF9-21D6-4456-8F7E-A541D51B34DE}.Release|x64.Deploy.0 = Release|x64
		{A6CB1CF9-21D6-4456-8F7E-A541D51B34DE}.Release|x86.ActiveCfg = Release|x86
		{A6CB1CF9-21D6-4456-8F7E-A541D51B34DE}.Release|x86.Build.0 = Release|x86
		{A6CB1CF9-21D6-4456-8F7E-A541D51B34DE}.Release|x86.Deploy.0 = Release|x86
		{DC2D20BC-C443-45F4-B5EB-01D2B0F55248}.Ad-Hoc|Any CPU.ActiveCfg = Debug|Any CPU
		{DC2D20BC-C443-45F4-B5EB-01D2B0F55248}.Ad-Hoc|Any CPU.Build.0 = Debug|Any CPU
		{DC2D20BC-C443-45F4-B5EB-01D2B0F55248}.Ad-Hoc|Any CPU.Deploy.0 = Debug|Any CPU
		{DC2D20BC-C443-45F4-B5EB-01D2B0F55248}.Ad-Hoc|ARM.ActiveCfg = Debug|Any CPU
		{DC2D20BC-C443-45F4-B5EB-01D2B0F55248}.Ad-Hoc|ARM.Build.0 = Debug|Any CPU
		{DC2D20BC-C443-45F4-B5EB-01D2B0F55248}.Ad-Hoc|ARM.Deploy.0 = Debug|Any CPU
		{DC2D20BC-C443-45F4-B5EB-01D2B0F55248}.Ad-Hoc|iPhone.ActiveCfg = Debug|Any CPU
		{DC2D20BC-C443-45F4-B5EB-01D2B0F55248}.Ad-Hoc|iPhone.Build.0 = Debug|Any CPU
		{DC2D20BC-C443-45F4-B5EB-01D2B0F55248}.Ad-Hoc|iPhone.Deploy.0 = Debug|Any CPU
		{DC2D20BC-C443-45F4-B5EB-01D2B0F55248}.Ad-Hoc|iPhoneSimulator.ActiveCfg = Debug|Any CPU
		{DC2D20BC-C443-45F4-B5EB-01D2B0F55248}.Ad-Hoc|iPhoneSimulator.Build.0 = Debug|Any CPU
		{DC2D20BC-C443-45F4-B5EB-01D2B0F55248}.Ad-Hoc|iPhoneSimulator.Deploy.0 = Debug|Any CPU
		{DC2D20BC-C443-45F4-B5EB-01D2B0F55248}.Ad-Hoc|x64.ActiveCfg = Debug|Any CPU
		{DC2D20BC-C443-45F4-B5EB-01D2B0F55248}.Ad-Hoc|x64.Build.0 = Debug|Any CPU
		{DC2D20BC-C443-45F4-B5EB-01D2B0F55248}.Ad-Hoc|x64.Deploy.0 = Debug|Any CPU
		{DC2D20BC-C443-45F4-B5EB-01D2B0F55248}.Ad-Hoc|x86.ActiveCfg = Debug|Any CPU
		{DC2D20BC-C443-45F4-B5EB-01D2B0F55248}.Ad-Hoc|x86.Build.0 = Debug|Any CPU
		{DC2D20BC-C443-45F4-B5EB-01D2B0F55248}.Ad-Hoc|x86.Deploy.0 = Debug|Any CPU
		{DC2D20BC-C443-45F4-B5EB-01D2B0F55248}.AppStore|Any CPU.ActiveCfg = Debug|Any CPU
		{DC2D20BC-C443-45F4-B5EB-01D2B0F55248}.AppStore|Any CPU.Build.0 = Debug|Any CPU
		{DC2D20BC-C443-45F4-B5EB-01D2B0F55248}.AppStore|Any CPU.Deploy.0 = Debug|Any CPU
		{DC2D20BC-C443-45F4-B5EB-01D2B0F55248}.AppStore|ARM.ActiveCfg = Debug|Any CPU
		{DC2D20BC-C443-45F4-B5EB-01D2B0F55248}.AppStore|ARM.Build.0 = Debug|Any CPU
		{DC2D20BC-C443-45F4-B5EB-01D2B0F55248}.AppStore|ARM.Deploy.0 = Debug|Any CPU
		{DC2D20BC-C443-45F4-B5EB-01D2B0F55248}.AppStore|iPhone.ActiveCfg = Debug|Any CPU
		{DC2D20BC-C443-45F4-B5EB-01D2B0F55248}.AppStore|iPhone.Build.0 = Debug|Any CPU
		{DC2D20BC-C443-45F4-B5EB-01D2B0F55248}.AppStore|iPhone.Deploy.0 = Debug|Any CPU
		{DC2D20BC-C443-45F4-B5EB-01D2B0F55248}.AppStore|iPhoneSimulator.ActiveCfg = Debug|Any CPU
		{DC2D20BC-C443-45F4-B5EB-01D2B0F55248}.AppStore|iPhoneSimulator.Build.0 = Debug|Any CPU
		{DC2D20BC-C443-45F4-B5EB-01D2B0F55248}.AppStore|iPhoneSimulator.Deploy.0 = Debug|Any CPU
		{DC2D20BC-C443-45F4-B5EB-01D2B0F55248}.AppStore|x64.ActiveCfg = Debug|Any CPU
		{DC2D20BC-C443-45F4-B5EB-01D2B0F55248}.AppStore|x64.Build.0 = Debug|Any CPU
		{DC2D20BC-C443-45F4-B5EB-01D2B0F55248}.AppStore|x64.Deploy.0 = Debug|Any CPU
		{DC2D20BC-C443-45F4-B5EB-01D2B0F55248}.AppStore|x86.ActiveCfg = Debug|Any CPU
		{DC2D20BC-C443-45F4-B5EB-01D2B0F55248}.AppStore|x86.Build.0 = Debug|Any CPU
		{DC2D20BC-C443-45F4-B5EB-01D2B0F55248}.AppStore|x86.Deploy.0 = Debug|Any CPU
		{DC2D20BC-C443-45F4-B5EB-01D2B0F55248}.Debug|Any CPU.ActiveCfg = Debug|Any CPU
		{DC2D20BC-C443-45F4-B5EB-01D2B0F55248}.Debug|Any CPU.Build.0 = Debug|Any CPU
		{DC2D20BC-C443-45F4-B5EB-01D2B0F55248}.Debug|Any CPU.Deploy.0 = Debug|Any CPU
		{DC2D20BC-C443-45F4-B5EB-01D2B0F55248}.Debug|ARM.ActiveCfg = Debug|Any CPU
		{DC2D20BC-C443-45F4-B5EB-01D2B0F55248}.Debug|ARM.Build.0 = Debug|Any CPU
		{DC2D20BC-C443-45F4-B5EB-01D2B0F55248}.Debug|ARM.Deploy.0 = Debug|Any CPU
		{DC2D20BC-C443-45F4-B5EB-01D2B0F55248}.Debug|iPhone.ActiveCfg = Debug|Any CPU
		{DC2D20BC-C443-45F4-B5EB-01D2B0F55248}.Debug|iPhone.Build.0 = Debug|Any CPU
		{DC2D20BC-C443-45F4-B5EB-01D2B0F55248}.Debug|iPhone.Deploy.0 = Debug|Any CPU
		{DC2D20BC-C443-45F4-B5EB-01D2B0F55248}.Debug|iPhoneSimulator.ActiveCfg = Debug|Any CPU
		{DC2D20BC-C443-45F4-B5EB-01D2B0F55248}.Debug|iPhoneSimulator.Build.0 = Debug|Any CPU
		{DC2D20BC-C443-45F4-B5EB-01D2B0F55248}.Debug|iPhoneSimulator.Deploy.0 = Debug|Any CPU
		{DC2D20BC-C443-45F4-B5EB-01D2B0F55248}.Debug|x64.ActiveCfg = Debug|Any CPU
		{DC2D20BC-C443-45F4-B5EB-01D2B0F55248}.Debug|x64.Build.0 = Debug|Any CPU
		{DC2D20BC-C443-45F4-B5EB-01D2B0F55248}.Debug|x64.Deploy.0 = Debug|Any CPU
		{DC2D20BC-C443-45F4-B5EB-01D2B0F55248}.Debug|x86.ActiveCfg = Debug|Any CPU
		{DC2D20BC-C443-45F4-B5EB-01D2B0F55248}.Debug|x86.Build.0 = Debug|Any CPU
		{DC2D20BC-C443-45F4-B5EB-01D2B0F55248}.Debug|x86.Deploy.0 = Debug|Any CPU
		{DC2D20BC-C443-45F4-B5EB-01D2B0F55248}.Release|Any CPU.ActiveCfg = Release|Any CPU
		{DC2D20BC-C443-45F4-B5EB-01D2B0F55248}.Release|Any CPU.Build.0 = Release|Any CPU
		{DC2D20BC-C443-45F4-B5EB-01D2B0F55248}.Release|Any CPU.Deploy.0 = Release|Any CPU
		{DC2D20BC-C443-45F4-B5EB-01D2B0F55248}.Release|ARM.ActiveCfg = Release|Any CPU
		{DC2D20BC-C443-45F4-B5EB-01D2B0F55248}.Release|ARM.Build.0 = Release|Any CPU
		{DC2D20BC-C443-45F4-B5EB-01D2B0F55248}.Release|ARM.Deploy.0 = Release|Any CPU
		{DC2D20BC-C443-45F4-B5EB-01D2B0F55248}.Release|iPhone.ActiveCfg = Release|Any CPU
		{DC2D20BC-C443-45F4-B5EB-01D2B0F55248}.Release|iPhone.Build.0 = Release|Any CPU
		{DC2D20BC-C443-45F4-B5EB-01D2B0F55248}.Release|iPhone.Deploy.0 = Release|Any CPU
		{DC2D20BC-C443-45F4-B5EB-01D2B0F55248}.Release|iPhoneSimulator.ActiveCfg = Release|Any CPU
		{DC2D20BC-C443-45F4-B5EB-01D2B0F55248}.Release|iPhoneSimulator.Build.0 = Release|Any CPU
		{DC2D20BC-C443-45F4-B5EB-01D2B0F55248}.Release|iPhoneSimulator.Deploy.0 = Release|Any CPU
		{DC2D20BC-C443-45F4-B5EB-01D2B0F55248}.Release|x64.ActiveCfg = Release|Any CPU
		{DC2D20BC-C443-45F4-B5EB-01D2B0F55248}.Release|x64.Build.0 = Release|Any CPU
		{DC2D20BC-C443-45F4-B5EB-01D2B0F55248}.Release|x64.Deploy.0 = Release|Any CPU
		{DC2D20BC-C443-45F4-B5EB-01D2B0F55248}.Release|x86.ActiveCfg = Release|Any CPU
		{DC2D20BC-C443-45F4-B5EB-01D2B0F55248}.Release|x86.Build.0 = Release|Any CPU
		{DC2D20BC-C443-45F4-B5EB-01D2B0F55248}.Release|x86.Deploy.0 = Release|Any CPU
	EndGlobalSection
	GlobalSection(SolutionProperties) = preSolution
		HideSolutionNode = FALSE
	EndGlobalSection
	GlobalSection(ExtensibilityGlobals) = postSolution
		SolutionGuid = {EC61B025-D232-4F5B-8646-C4EA429A9095}
	EndGlobalSection
EndGlobal
